
Microsoft Visual Studio Solution File, Format Version 12.00
# Visual Studio Version 17
VisualStudioVersion = 17.7.34009.444
MinimumVisualStudioVersion = 10.0.40219.1
Project("{9A19103F-16F7-4668-BE54-9A1E7A4F7556}") = "HomeEasy.RpiAPI", "HomeEasy.RpiAPI\HomeEasy.RpiAPI.csproj", "{8B28497B-8E62-473F-ACE5-2A8F8BBA149A}"
EndProject
Project("{FAE04EC0-301F-11D3-BF4B-00C04F79EFBC}") = "Raspberry", "RaspberryGpio\Raspberry.csproj", "{768E000C-7AA2-4A31-A7F2-48E5F0BE28CF}"
EndProject
Project("{FAE04EC0-301F-11D3-BF4B-00C04F79EFBC}") = "GerenciadorDesktop", "GerenciadorDesktop\GerenciadorDesktop.csproj", "{022A9629-494D-401A-9A27-CF29DD1E479E}"
EndProject
Global
	GlobalSection(SolutionConfigurationPlatforms) = preSolution
		Debug|Any CPU = Debug|Any CPU
		Debug|ARM = Debug|ARM
		Debug|ARM64 = Debug|ARM64
		Debug|x64 = Debug|x64
		Debug|x86 = Debug|x86
		Release|Any CPU = Release|Any CPU
		Release|ARM = Release|ARM
		Release|ARM64 = Release|ARM64
		Release|x64 = Release|x64
		Release|x86 = Release|x86
	EndGlobalSection
	GlobalSection(ProjectConfigurationPlatforms) = postSolution
		{8B28497B-8E62-473F-ACE5-2A8F8BBA149A}.Debug|Any CPU.ActiveCfg = Debug|Any CPU
		{8B28497B-8E62-473F-ACE5-2A8F8BBA149A}.Debug|Any CPU.Build.0 = Debug|Any CPU
		{8B28497B-8E62-473F-ACE5-2A8F8BBA149A}.Debug|ARM.ActiveCfg = Debug|Any CPU
		{8B28497B-8E62-473F-ACE5-2A8F8BBA149A}.Debug|ARM.Build.0 = Debug|Any CPU
		{8B28497B-8E62-473F-ACE5-2A8F8BBA149A}.Debug|ARM64.ActiveCfg = Debug|Any CPU
		{8B28497B-8E62-473F-ACE5-2A8F8BBA149A}.Debug|ARM64.Build.0 = Debug|Any CPU
		{8B28497B-8E62-473F-ACE5-2A8F8BBA149A}.Debug|x64.ActiveCfg = Debug|Any CPU
		{8B28497B-8E62-473F-ACE5-2A8F8BBA149A}.Debug|x64.Build.0 = Debug|Any CPU
		{8B28497B-8E62-473F-ACE5-2A8F8BBA149A}.Debug|x86.ActiveCfg = Debug|Any CPU
		{8B28497B-8E62-473F-ACE5-2A8F8BBA149A}.Debug|x86.Build.0 = Debug|Any CPU
		{8B28497B-8E62-473F-ACE5-2A8F8BBA149A}.Release|Any CPU.ActiveCfg = Release|Any CPU
		{8B28497B-8E62-473F-ACE5-2A8F8BBA149A}.Release|Any CPU.Build.0 = Release|Any CPU
		{8B28497B-8E62-473F-ACE5-2A8F8BBA149A}.Release|ARM.ActiveCfg = Release|Any CPU
		{8B28497B-8E62-473F-ACE5-2A8F8BBA149A}.Release|ARM.Build.0 = Release|Any CPU
		{8B28497B-8E62-473F-ACE5-2A8F8BBA149A}.Release|ARM64.ActiveCfg = Release|Any CPU
		{8B28497B-8E62-473F-ACE5-2A8F8BBA149A}.Release|ARM64.Build.0 = Release|Any CPU
		{8B28497B-8E62-473F-ACE5-2A8F8BBA149A}.Release|x64.ActiveCfg = Release|Any CPU
		{8B28497B-8E62-473F-ACE5-2A8F8BBA149A}.Release|x64.Build.0 = Release|Any CPU
		{8B28497B-8E62-473F-ACE5-2A8F8BBA149A}.Release|x86.ActiveCfg = Release|Any CPU
		{8B28497B-8E62-473F-ACE5-2A8F8BBA149A}.Release|x86.Build.0 = Release|Any CPU
		{768E000C-7AA2-4A31-A7F2-48E5F0BE28CF}.Debug|Any CPU.ActiveCfg = Debug|Any CPU
		{768E000C-7AA2-4A31-A7F2-48E5F0BE28CF}.Debug|Any CPU.Build.0 = Debug|Any CPU
		{768E000C-7AA2-4A31-A7F2-48E5F0BE28CF}.Debug|ARM.ActiveCfg = Debug|Any CPU
		{768E000C-7AA2-4A31-A7F2-48E5F0BE28CF}.Debug|ARM.Build.0 = Debug|Any CPU
		{768E000C-7AA2-4A31-A7F2-48E5F0BE28CF}.Debug|ARM64.ActiveCfg = Debug|Any CPU
		{768E000C-7AA2-4A31-A7F2-48E5F0BE28CF}.Debug|ARM64.Build.0 = Debug|Any CPU
		{768E000C-7AA2-4A31-A7F2-48E5F0BE28CF}.Debug|x64.ActiveCfg = Debug|Any CPU
		{768E000C-7AA2-4A31-A7F2-48E5F0BE28CF}.Debug|x64.Build.0 = Debug|Any CPU
		{768E000C-7AA2-4A31-A7F2-48E5F0BE28CF}.Debug|x86.ActiveCfg = Debug|Any CPU
		{768E000C-7AA2-4A31-A7F2-48E5F0BE28CF}.Debug|x86.Build.0 = Debug|Any CPU
		{768E000C-7AA2-4A31-A7F2-48E5F0BE28CF}.Release|Any CPU.ActiveCfg = Release|Any CPU
		{768E000C-7AA2-4A31-A7F2-48E5F0BE28CF}.Release|Any CPU.Build.0 = Release|Any CPU
		{768E000C-7AA2-4A31-A7F2-48E5F0BE28CF}.Release|ARM.ActiveCfg = Release|Any CPU
		{768E000C-7AA2-4A31-A7F2-48E5F0BE28CF}.Release|ARM.Build.0 = Release|Any CPU
		{768E000C-7AA2-4A31-A7F2-48E5F0BE28CF}.Release|ARM64.ActiveCfg = Release|Any CPU
		{768E000C-7AA2-4A31-A7F2-48E5F0BE28CF}.Release|ARM64.Build.0 = Release|Any CPU
		{768E000C-7AA2-4A31-A7F2-48E5F0BE28CF}.Release|x64.ActiveCfg = Release|Any CPU
		{768E000C-7AA2-4A31-A7F2-48E5F0BE28CF}.Release|x64.Build.0 = Release|Any CPU
		{768E000C-7AA2-4A31-A7F2-48E5F0BE28CF}.Release|x86.ActiveCfg = Release|Any CPU
		{768E000C-7AA2-4A31-A7F2-48E5F0BE28CF}.Release|x86.Build.0 = Release|Any CPU
		{022A9629-494D-401A-9A27-CF29DD1E479E}.Debug|Any CPU.ActiveCfg = Debug|Any CPU
		{022A9629-494D-401A-9A27-CF29DD1E479E}.Debug|Any CPU.Build.0 = Debug|Any CPU
		{022A9629-494D-401A-9A27-CF29DD1E479E}.Debug|ARM.ActiveCfg = Debug|Any CPU
		{022A9629-494D-401A-9A27-CF29DD1E479E}.Debug|ARM.Build.0 = Debug|Any CPU
		{022A9629-494D-401A-9A27-CF29DD1E479E}.Debug|ARM64.ActiveCfg = Debug|Any CPU
		{022A9629-494D-401A-9A27-CF29DD1E479E}.Debug|ARM64.Build.0 = Debug|Any CPU
		{022A9629-494D-401A-9A27-CF29DD1E479E}.Debug|x64.ActiveCfg = Debug|Any CPU
		{022A9629-494D-401A-9A27-CF29DD1E479E}.Debug|x64.Build.0 = Debug|Any CPU
		{022A9629-494D-401A-9A27-CF29DD1E479E}.Debug|x86.ActiveCfg = Debug|Any CPU
		{022A9629-494D-401A-9A27-CF29DD1E479E}.Debug|x86.Build.0 = Debug|Any CPU
		{022A9629-494D-401A-9A27-CF29DD1E479E}.Release|Any CPU.ActiveCfg = Release|Any CPU
		{022A9629-494D-401A-9A27-CF29DD1E479E}.Release|Any CPU.Build.0 = Release|Any CPU
		{022A9629-494D-401A-9A27-CF29DD1E479E}.Release|ARM.ActiveCfg = Release|Any CPU
		{022A9629-494D-401A-9A27-CF29DD1E479E}.Release|ARM.Build.0 = Release|Any CPU
		{022A9629-494D-401A-9A27-CF29DD1E479E}.Release|ARM64.ActiveCfg = Release|Any CPU
		{022A9629-494D-401A-9A27-CF29DD1E479E}.Release|ARM64.Build.0 = Release|Any CPU
		{022A9629-494D-401A-9A27-CF29DD1E479E}.Release|x64.ActiveCfg = Release|Any CPU
		{022A9629-494D-401A-9A27-CF29DD1E479E}.Release|x64.Build.0 = Release|Any CPU
		{022A9629-494D-401A-9A27-CF29DD1E479E}.Release|x86.ActiveCfg = Release|Any CPU
		{022A9629-494D-401A-9A27-CF29DD1E479E}.Release|x86.Build.0 = Release|Any CPU
	EndGlobalSection
	GlobalSection(SolutionProperties) = preSolution
		HideSolutionNode = FALSE
	EndGlobalSection
	GlobalSection(ExtensibilityGlobals) = postSolution
		SolutionGuid = {13D290EF-FEB6-47B4-A5B8-688B985D66D5}
	EndGlobalSection
EndGlobal
